
Microsoft Visual Studio Solution File, Format Version 12.00
# Visual Studio 15
VisualStudioVersion = 15.0.26730.12
MinimumVisualStudioVersion = 10.0.40219.1
Project("{FAE04EC0-301F-11D3-BF4B-00C04F79EFBC}") = "RDeF.Core", "RDeF.Core\RDeF.Core.csproj", "{F07900AF-8275-48AD-A7CE-7A7DE267DE2A}"
EndProject
Project("{FAE04EC0-301F-11D3-BF4B-00C04F79EFBC}") = "RDeF.Contracts", "RDeF.Contracts\RDeF.Contracts.csproj", "{B0F60589-F1ED-4CB5-9C42-4004F02536EB}"
EndProject
Project("{FAE04EC0-301F-11D3-BF4B-00C04F79EFBC}") = "RDeF.Core.Tests", "RDeF.Core.Tests\RDeF.Core.Tests.csproj", "{9456A9F8-A059-42FA-BDA1-C984CBBA42FF}"
EndProject
Project("{2150E333-8FDC-42A3-9474-1A3956D46DE8}") = ".build", ".build", "{D22B90A9-FC81-4D6C-8B2C-2DEE25E678B6}"
	ProjectSection(SolutionItems) = preProject
		.build\CommonAssemblyInfo.cs = .build\CommonAssemblyInfo.cs
		.build\make.bat = .build\make.bat
		.build\pack.bat = .build\pack.bat
		.build\version.bat = .build\version.bat
		.build\VersionAssemblyInfo.cs = .build\VersionAssemblyInfo.cs
	EndProjectSection
EndProject
Project("{2150E333-8FDC-42A3-9474-1A3956D46DE8}") = ".config", ".config", "{8E0D18F7-B367-4944-AA43-85EA4FC82739}"
	ProjectSection(SolutionItems) = preProject
		.gitignore = .gitignore
		CustomDictionary.xml = CustomDictionary.xml
		RDeF.ruleset = RDeF.ruleset
		RDeF.Tests.ruleset = RDeF.Tests.ruleset
	EndProjectSection
EndProject
Project("{FAE04EC0-301F-11D3-BF4B-00C04F79EFBC}") = "RDeF.Mapping.Attributes", "RDeF.Mapping.Attributes\RDeF.Mapping.Attributes.csproj", "{C2C8CA10-8703-498E-851B-BD8C7010BF89}"
EndProject
Project("{FAE04EC0-301F-11D3-BF4B-00C04F79EFBC}") = "RDeF.Mapping.Attributes.Tests", "RDeF.Mapping.Attributes.Tests\RDeF.Mapping.Attributes.Tests.csproj", "{49F1CE92-7D60-4598-922F-F73C632027A2}"
EndProject
Project("{FAE04EC0-301F-11D3-BF4B-00C04F79EFBC}") = "RDeF.Serialization", "RDeF.Serialization\RDeF.Serialization.csproj", "{D20315CA-9F4F-4073-A205-ED66BDC5A177}"
EndProject
Project("{FAE04EC0-301F-11D3-BF4B-00C04F79EFBC}") = "RDeF.Serialization.Tests", "RDeF.Serialization.Tests\RDeF.Serialization.Tests.csproj", "{57F8549E-302F-4F92-BC68-921A542BB6DA}"
EndProject
Project("{2150E333-8FDC-42A3-9474-1A3956D46DE8}") = ".nuget", ".nuget", "{E59AD171-0552-408B-BC74-0E2432344986}"
	ProjectSection(SolutionItems) = preProject
		.nuget\RDeF.Contracts.nuspec = .nuget\RDeF.Contracts.nuspec
		.nuget\RDeF.Core.nuspec = .nuget\RDeF.Core.nuspec
		.nuget\RDeF.Mapping.Attributes.nuspec = .nuget\RDeF.Mapping.Attributes.nuspec
		.nuget\RDeF.Mapping.Fluent.nuspec = .nuget\RDeF.Mapping.Fluent.nuspec
		.nuget\RDeF.Serialization.nuspec = .nuget\RDeF.Serialization.nuspec
	EndProjectSection
EndProject
Project("{FAE04EC0-301F-11D3-BF4B-00C04F79EFBC}") = "RDeF.Mapping.Fluent", "RDeF.Mapping.Fluent\RDeF.Mapping.Fluent.csproj", "{6D22E75C-55DB-46A1-919D-B0CADA218A8A}"
EndProject
Project("{FAE04EC0-301F-11D3-BF4B-00C04F79EFBC}") = "RDeF.Mapping.Fluent.Tests", "RDeF.Mapping.Fluent.Tests\RDeF.Mapping.Fluent.Tests.csproj", "{BD535722-AD65-4A87-BAB4-99A6E67CAF92}"
EndProject
Global
	GlobalSection(SolutionConfigurationPlatforms) = preSolution
		Debug|Any CPU = Debug|Any CPU
		Release|Any CPU = Release|Any CPU
	EndGlobalSection
	GlobalSection(ProjectConfigurationPlatforms) = postSolution
		{F07900AF-8275-48AD-A7CE-7A7DE267DE2A}.Debug|Any CPU.ActiveCfg = Debug|Any CPU
		{F07900AF-8275-48AD-A7CE-7A7DE267DE2A}.Debug|Any CPU.Build.0 = Debug|Any CPU
		{F07900AF-8275-48AD-A7CE-7A7DE267DE2A}.Release|Any CPU.ActiveCfg = Release|Any CPU
		{F07900AF-8275-48AD-A7CE-7A7DE267DE2A}.Release|Any CPU.Build.0 = Release|Any CPU
		{B0F60589-F1ED-4CB5-9C42-4004F02536EB}.Debug|Any CPU.ActiveCfg = Debug|Any CPU
		{B0F60589-F1ED-4CB5-9C42-4004F02536EB}.Debug|Any CPU.Build.0 = Debug|Any CPU
		{B0F60589-F1ED-4CB5-9C42-4004F02536EB}.Release|Any CPU.ActiveCfg = Release|Any CPU
		{B0F60589-F1ED-4CB5-9C42-4004F02536EB}.Release|Any CPU.Build.0 = Release|Any CPU
		{9456A9F8-A059-42FA-BDA1-C984CBBA42FF}.Debug|Any CPU.ActiveCfg = Debug|Any CPU
		{9456A9F8-A059-42FA-BDA1-C984CBBA42FF}.Debug|Any CPU.Build.0 = Debug|Any CPU
		{9456A9F8-A059-42FA-BDA1-C984CBBA42FF}.Release|Any CPU.ActiveCfg = Release|Any CPU
		{9456A9F8-A059-42FA-BDA1-C984CBBA42FF}.Release|Any CPU.Build.0 = Release|Any CPU
		{C2C8CA10-8703-498E-851B-BD8C7010BF89}.Debug|Any CPU.ActiveCfg = Debug|Any CPU
		{C2C8CA10-8703-498E-851B-BD8C7010BF89}.Debug|Any CPU.Build.0 = Debug|Any CPU
		{C2C8CA10-8703-498E-851B-BD8C7010BF89}.Release|Any CPU.ActiveCfg = Release|Any CPU
		{C2C8CA10-8703-498E-851B-BD8C7010BF89}.Release|Any CPU.Build.0 = Release|Any CPU
		{49F1CE92-7D60-4598-922F-F73C632027A2}.Debug|Any CPU.ActiveCfg = Debug|Any CPU
		{49F1CE92-7D60-4598-922F-F73C632027A2}.Debug|Any CPU.Build.0 = Debug|Any CPU
		{49F1CE92-7D60-4598-922F-F73C632027A2}.Release|Any CPU.ActiveCfg = Release|Any CPU
		{49F1CE92-7D60-4598-922F-F73C632027A2}.Release|Any CPU.Build.0 = Release|Any CPU
		{D20315CA-9F4F-4073-A205-ED66BDC5A177}.Debug|Any CPU.ActiveCfg = Debug|Any CPU
		{D20315CA-9F4F-4073-A205-ED66BDC5A177}.Debug|Any CPU.Build.0 = Debug|Any CPU
		{D20315CA-9F4F-4073-A205-ED66BDC5A177}.Release|Any CPU.ActiveCfg = Release|Any CPU
		{D20315CA-9F4F-4073-A205-ED66BDC5A177}.Release|Any CPU.Build.0 = Release|Any CPU
		{57F8549E-302F-4F92-BC68-921A542BB6DA}.Debug|Any CPU.ActiveCfg = Debug|Any CPU
		{57F8549E-302F-4F92-BC68-921A542BB6DA}.Debug|Any CPU.Build.0 = Debug|Any CPU
		{57F8549E-302F-4F92-BC68-921A542BB6DA}.Release|Any CPU.ActiveCfg = Release|Any CPU
		{57F8549E-302F-4F92-BC68-921A542BB6DA}.Release|Any CPU.Build.0 = Release|Any CPU
		{6D22E75C-55DB-46A1-919D-B0CADA218A8A}.Debug|Any CPU.ActiveCfg = Debug|Any CPU
		{6D22E75C-55DB-46A1-919D-B0CADA218A8A}.Debug|Any CPU.Build.0 = Debug|Any CPU
		{6D22E75C-55DB-46A1-919D-B0CADA218A8A}.Release|Any CPU.ActiveCfg = Release|Any CPU
		{6D22E75C-55DB-46A1-919D-B0CADA218A8A}.Release|Any CPU.Build.0 = Release|Any CPU
		{BD535722-AD65-4A87-BAB4-99A6E67CAF92}.Debug|Any CPU.ActiveCfg = Debug|Any CPU
		{BD535722-AD65-4A87-BAB4-99A6E67CAF92}.Debug|Any CPU.Build.0 = Debug|Any CPU
		{BD535722-AD65-4A87-BAB4-99A6E67CAF92}.Release|Any CPU.ActiveCfg = Release|Any CPU
		{BD535722-AD65-4A87-BAB4-99A6E67CAF92}.Release|Any CPU.Build.0 = Release|Any CPU
	EndGlobalSection
	GlobalSection(SolutionProperties) = preSolution
		HideSolutionNode = FALSE
	EndGlobalSection
	GlobalSection(ExtensibilityGlobals) = postSolution
		SolutionGuid = {77FA7351-F950-46FB-B6BD-3AADE5B09BC6}
	EndGlobalSection
EndGlobal
